
Microsoft Visual Studio Solution File, Format Version 12.00
# Visual Studio Version 17
VisualStudioVersion = 17.1.32210.238
MinimumVisualStudioVersion = 10.0.40219.1
Project("{9A19103F-16F7-4668-BE54-9A1E7A4F7556}") = "HW6_Arrays", "HW6_Arrays_Tests\HW6_Arrays.csproj", "{4E681BBC-0C85-400B-8D9A-E9BBFDB697BC}"
EndProject
Project("{9A19103F-16F7-4668-BE54-9A1E7A4F7556}") = "HW6_Arrays.Tests", "HW6_Arrays.Tests\HW6_Arrays.Tests.csproj", "{12CF8291-05CE-4A95-A13C-E371F84B31CC}"
EndProject
Global
	GlobalSection(SolutionConfigurationPlatforms) = preSolution
		Debug|Any CPU = Debug|Any CPU
		Release|Any CPU = Release|Any CPU
	EndGlobalSection
	GlobalSection(ProjectConfigurationPlatforms) = postSolution
		{4E681BBC-0C85-400B-8D9A-E9BBFDB697BC}.Debug|Any CPU.ActiveCfg = Debug|Any CPU
		{4E681BBC-0C85-400B-8D9A-E9BBFDB697BC}.Debug|Any CPU.Build.0 = Debug|Any CPU
		{4E681BBC-0C85-400B-8D9A-E9BBFDB697BC}.Release|Any CPU.ActiveCfg = Release|Any CPU
		{4E681BBC-0C85-400B-8D9A-E9BBFDB697BC}.Release|Any CPU.Build.0 = Release|Any CPU
		{12CF8291-05CE-4A95-A13C-E371F84B31CC}.Debug|Any CPU.ActiveCfg = Debug|Any CPU
		{12CF8291-05CE-4A95-A13C-E371F84B31CC}.Debug|Any CPU.Build.0 = Debug|Any CPU
		{12CF8291-05CE-4A95-A13C-E371F84B31CC}.Release|Any CPU.ActiveCfg = Release|Any CPU
		{12CF8291-05CE-4A95-A13C-E371F84B31CC}.Release|Any CPU.Build.0 = Release|Any CPU
	EndGlobalSection
	GlobalSection(SolutionProperties) = preSolution
		HideSolutionNode = FALSE
	EndGlobalSection
	GlobalSection(ExtensibilityGlobals) = postSolution
		SolutionGuid = {FC568855-3766-43D7-9A87-BB1344E65CE9}
	EndGlobalSection
EndGlobal
